
Microsoft Visual Studio Solution File, Format Version 12.00
# Visual Studio 15
VisualStudioVersion = 15.0.26730.8
MinimumVisualStudioVersion = 10.0.40219.1
Project("{262852C6-CD72-467D-83FE-5EEB1973A190}") = "NotificationPush", "NotificationPush\NotificationPush.jsproj", "{CC38F7CB-560C-4381-AD4B-8645E5EA9542}"
EndProject
Global
	GlobalSection(SolutionConfigurationPlatforms) = preSolution
		Debug|Android = Debug|Android
		Debug|iOS = Debug|iOS
		Debug|Windows-ARM = Debug|Windows-ARM
		Debug|Windows-x64 = Debug|Windows-x64
		Debug|Windows-x86 = Debug|Windows-x86
		Release|Android = Release|Android
		Release|iOS = Release|iOS
		Release|Windows-ARM = Release|Windows-ARM
		Release|Windows-x64 = Release|Windows-x64
		Release|Windows-x86 = Release|Windows-x86
	EndGlobalSection
	GlobalSection(ProjectConfigurationPlatforms) = postSolution
		{CC38F7CB-560C-4381-AD4B-8645E5EA9542}.Debug|Android.ActiveCfg = Debug|Android
		{CC38F7CB-560C-4381-AD4B-8645E5EA9542}.Debug|Android.Build.0 = Debug|Android
		{CC38F7CB-560C-4381-AD4B-8645E5EA9542}.Debug|Android.Deploy.0 = Debug|Android
		{CC38F7CB-560C-4381-AD4B-8645E5EA9542}.Debug|iOS.ActiveCfg = Debug|iOS
		{CC38F7CB-560C-4381-AD4B-8645E5EA9542}.Debug|iOS.Build.0 = Debug|iOS
		{CC38F7CB-560C-4381-AD4B-8645E5EA9542}.Debug|iOS.Deploy.0 = Debug|iOS
		{CC38F7CB-560C-4381-AD4B-8645E5EA9542}.Debug|Windows-ARM.ActiveCfg = Debug|Windows-ARM
		{CC38F7CB-560C-4381-AD4B-8645E5EA9542}.Debug|Windows-ARM.Build.0 = Debug|Windows-ARM
		{CC38F7CB-560C-4381-AD4B-8645E5EA9542}.Debug|Windows-ARM.Deploy.0 = Debug|Windows-ARM
		{CC38F7CB-560C-4381-AD4B-8645E5EA9542}.Debug|Windows-x64.ActiveCfg = Debug|Windows-x64
		{CC38F7CB-560C-4381-AD4B-8645E5EA9542}.Debug|Windows-x64.Build.0 = Debug|Windows-x64
		{CC38F7CB-560C-4381-AD4B-8645E5EA9542}.Debug|Windows-x64.Deploy.0 = Debug|Windows-x64
		{CC38F7CB-560C-4381-AD4B-8645E5EA9542}.Debug|Windows-x86.ActiveCfg = Debug|Windows-x86
		{CC38F7CB-560C-4381-AD4B-8645E5EA9542}.Debug|Windows-x86.Build.0 = Debug|Windows-x86
		{CC38F7CB-560C-4381-AD4B-8645E5EA9542}.Debug|Windows-x86.Deploy.0 = Debug|Windows-x86
		{CC38F7CB-560C-4381-AD4B-8645E5EA9542}.Release|Android.ActiveCfg = Release|Android
		{CC38F7CB-560C-4381-AD4B-8645E5EA9542}.Release|Android.Build.0 = Release|Android
		{CC38F7CB-560C-4381-AD4B-8645E5EA9542}.Release|Android.Deploy.0 = Release|Android
		{CC38F7CB-560C-4381-AD4B-8645E5EA9542}.Release|iOS.ActiveCfg = Release|iOS
		{CC38F7CB-560C-4381-AD4B-8645E5EA9542}.Release|iOS.Build.0 = Release|iOS
		{CC38F7CB-560C-4381-AD4B-8645E5EA9542}.Release|iOS.Deploy.0 = Release|iOS
		{CC38F7CB-560C-4381-AD4B-8645E5EA9542}.Release|Windows-ARM.ActiveCfg = Release|Windows-ARM
		{CC38F7CB-560C-4381-AD4B-8645E5EA9542}.Release|Windows-ARM.Build.0 = Release|Windows-ARM
		{CC38F7CB-560C-4381-AD4B-8645E5EA9542}.Release|Windows-ARM.Deploy.0 = Release|Windows-ARM
		{CC38F7CB-560C-4381-AD4B-8645E5EA9542}.Release|Windows-x64.ActiveCfg = Release|Windows-x64
		{CC38F7CB-560C-4381-AD4B-8645E5EA9542}.Release|Windows-x64.Build.0 = Release|Windows-x64
		{CC38F7CB-560C-4381-AD4B-8645E5EA9542}.Release|Windows-x64.Deploy.0 = Release|Windows-x64
		{CC38F7CB-560C-4381-AD4B-8645E5EA9542}.Release|Windows-x86.ActiveCfg = Release|Windows-x86
		{CC38F7CB-560C-4381-AD4B-8645E5EA9542}.Release|Windows-x86.Build.0 = Release|Windows-x86
		{CC38F7CB-560C-4381-AD4B-8645E5EA9542}.Release|Windows-x86.Deploy.0 = Release|Windows-x86
	EndGlobalSection
	GlobalSection(SolutionProperties) = preSolution
		HideSolutionNode = FALSE
	EndGlobalSection
	GlobalSection(ExtensibilityGlobals) = postSolution
		SolutionGuid = {F6EE2480-C3A5-4B92-969B-6DDE96C2E29B}
	EndGlobalSection
EndGlobal
